// !$*UTF8*$!
{
	archiveVersion = 1;
	classes = {
	};
	objectVersion = 77;
	objects = {

/* Begin PBXBuildFile section */
		ECB2A8712DF58DDD0039917C /* ThemeKit in Frameworks */ = {isa = PBXBuildFile; productRef = ECB2A8702DF58DDD0039917C /* ThemeKit */; };
		ECB2A8A02DF613C70039917C /* TimerKit in Frameworks */ = {isa = PBXBuildFile; productRef = ECB2A89F2DF613C70039917C /* TimerKit */; };
		ECC1F5432DF75F1E00489D03 /* TranscriptionKit in Frameworks */ = {isa = PBXBuildFile; productRef = ECC1F5422DF75F1E00489D03 /* TranscriptionKit */; };
/* End PBXBuildFile section */

/* Begin PBXContainerItemProxy section */
		ECB2A8492DF4AD400039917C /* PBXContainerItemProxy */ = {
			isa = PBXContainerItemProxy;
			containerPortal = ECB2A8332DF4AD3E0039917C /* Project object */;
			proxyType = 1;
			remoteGlobalIDString = ECB2A83A2DF4AD3E0039917C;
			remoteInfo = Scrumdinger;
		};
		ECB2A8532DF4AD400039917C /* PBXContainerItemProxy */ = {
			isa = PBXContainerItemProxy;
			containerPortal = ECB2A8332DF4AD3E0039917C /* Project object */;
			proxyType = 1;
			remoteGlobalIDString = ECB2A83A2DF4AD3E0039917C;
			remoteInfo = Scrumdinger;
		};
/* End PBXContainerItemProxy section */

/* Begin PBXFileReference section */
		ECB2A83B2DF4AD3E0039917C /* Scrumdinger.app */ = {isa = PBXFileReference; explicitFileType = wrapper.application; includeInIndex = 0; path = Scrumdinger.app; sourceTree = BUILT_PRODUCTS_DIR; };
		ECB2A8482DF4AD400039917C /* ScrumdingerTests.xctest */ = {isa = PBXFileReference; explicitFileType = wrapper.cfbundle; includeInIndex = 0; path = ScrumdingerTests.xctest; sourceTree = BUILT_PRODUCTS_DIR; };
		ECB2A8522DF4AD400039917C /* ScrumdingerUITests.xctest */ = {isa = PBXFileReference; explicitFileType = wrapper.cfbundle; includeInIndex = 0; path = ScrumdingerUITests.xctest; sourceTree = BUILT_PRODUCTS_DIR; };
/* End PBXFileReference section */

/* Begin PBXFileSystemSynchronizedBuildFileExceptionSet section */
		ECB2A86D2DF58B8E0039917C /* Exceptions for "Scrumdinger" folder in "ScrumdingerTests" target */ = {
			isa = PBXFileSystemSynchronizedBuildFileExceptionSet;
			membershipExceptions = (
				Models/DailyScrum.swift,
				"Preview Content/DailyScrum+Sample.swift",
				TrailingIconLabelStyle.swift,
				Views/CardView.swift,
				Views/DetailEditView.swift,
				Views/DetailView.swift,
				Views/HistoryView.swift,
				Views/MeetingFooterView.swift,
				Views/MeetingHeaderView.swift,
				Views/ScrumsView.swift,
				Views/ThemePicker.swift,
				Views/ThemeView.swift,
			);
			target = ECB2A8472DF4AD400039917C /* ScrumdingerTests */;
		};
		ECB2A86E2DF58B8E0039917C /* Exceptions for "Scrumdinger" folder in "ScrumdingerUITests" target */ = {
			isa = PBXFileSystemSynchronizedBuildFileExceptionSet;
			membershipExceptions = (
				Models/DailyScrum.swift,
				"Preview Content/DailyScrum+Sample.swift",
				TrailingIconLabelStyle.swift,
				Views/CardView.swift,
				Views/DetailEditView.swift,
				Views/DetailView.swift,
				Views/HistoryView.swift,
				Views/MeetingFooterView.swift,
				Views/MeetingHeaderView.swift,
				Views/ScrumsView.swift,
				Views/ThemePicker.swift,
				Views/ThemeView.swift,
			);
			target = ECB2A8512DF4AD400039917C /* ScrumdingerUITests */;
		};
/* End PBXFileSystemSynchronizedBuildFileExceptionSet section */

/* Begin PBXFileSystemSynchronizedRootGroup section */
		ECB2A83D2DF4AD3E0039917C /* Scrumdinger */ = {
			isa = PBXFileSystemSynchronizedRootGroup;
			exceptions = (
				ECB2A86D2DF58B8E0039917C /* Exceptions for "Scrumdinger" folder in "ScrumdingerTests" target */,
				ECB2A86E2DF58B8E0039917C /* Exceptions for "Scrumdinger" folder in "ScrumdingerUITests" target */,
			);
			path = Scrumdinger;
			sourceTree = "<group>";
		};
		ECB2A84B2DF4AD400039917C /* ScrumdingerTests */ = {
			isa = PBXFileSystemSynchronizedRootGroup;
			path = ScrumdingerTests;
			sourceTree = "<group>";
		};
		ECB2A8552DF4AD400039917C /* ScrumdingerUITests */ = {
			isa = PBXFileSystemSynchronizedRootGroup;
			path = ScrumdingerUITests;
			sourceTree = "<group>";
		};
/* End PBXFileSystemSynchronizedRootGroup section */

/* Begin PBXFrameworksBuildPhase section */
		ECB2A8382DF4AD3E0039917C /* Frameworks */ = {
			isa = PBXFrameworksBuildPhase;
			buildActionMask = 2147483647;
			files = (
				ECB2A8712DF58DDD0039917C /* ThemeKit in Frameworks */,
				ECB2A8A02DF613C70039917C /* TimerKit in Frameworks */,
				ECC1F5432DF75F1E00489D03 /* TranscriptionKit in Frameworks */,
			);
			runOnlyForDeploymentPostprocessing = 0;
		};
		ECB2A8452DF4AD400039917C /* Frameworks */ = {
			isa = PBXFrameworksBuildPhase;
			buildActionMask = 2147483647;
			files = (
			);
			runOnlyForDeploymentPostprocessing = 0;
		};
		ECB2A84F2DF4AD400039917C /* Frameworks */ = {
			isa = PBXFrameworksBuildPhase;
			buildActionMask = 2147483647;
			files = (
			);
			runOnlyForDeploymentPostprocessing = 0;
		};
/* End PBXFrameworksBuildPhase section */

/* Begin PBXGroup section */
		ECB2A8322DF4AD3E0039917C = {
			isa = PBXGroup;
			children = (
				ECB2A83D2DF4AD3E0039917C /* Scrumdinger */,
				ECB2A84B2DF4AD400039917C /* ScrumdingerTests */,
				ECB2A8552DF4AD400039917C /* ScrumdingerUITests */,
				ECB2A83C2DF4AD3E0039917C /* Products */,
			);
			sourceTree = "<group>";
		};
		ECB2A83C2DF4AD3E0039917C /* Products */ = {
			isa = PBXGroup;
			children = (
				ECB2A83B2DF4AD3E0039917C /* Scrumdinger.app */,
				ECB2A8482DF4AD400039917C /* ScrumdingerTests.xctest */,
				ECB2A8522DF4AD400039917C /* ScrumdingerUITests.xctest */,
			);
			name = Products;
			sourceTree = "<group>";
		};
/* End PBXGroup section */

/* Begin PBXNativeTarget section */
		ECB2A83A2DF4AD3E0039917C /* Scrumdinger */ = {
			isa = PBXNativeTarget;
			buildConfigurationList = ECB2A85C2DF4AD400039917C /* Build configuration list for PBXNativeTarget "Scrumdinger" */;
			buildPhases = (
				ECB2A8372DF4AD3E0039917C /* Sources */,
				ECB2A8382DF4AD3E0039917C /* Frameworks */,
				ECB2A8392DF4AD3E0039917C /* Resources */,
			);
			buildRules = (
			);
			dependencies = (
			);
			fileSystemSynchronizedGroups = (
				ECB2A83D2DF4AD3E0039917C /* Scrumdinger */,
			);
			name = Scrumdinger;
			packageProductDependencies = (
				ECB2A8702DF58DDD0039917C /* ThemeKit */,
				ECB2A89F2DF613C70039917C /* TimerKit */,
				ECC1F5422DF75F1E00489D03 /* TranscriptionKit */,
			);
			productName = Scrumdinger;
			productReference = ECB2A83B2DF4AD3E0039917C /* Scrumdinger.app */;
			productType = "com.apple.product-type.application";
		};
		ECB2A8472DF4AD400039917C /* ScrumdingerTests */ = {
			isa = PBXNativeTarget;
			buildConfigurationList = ECB2A85F2DF4AD400039917C /* Build configuration list for PBXNativeTarget "ScrumdingerTests" */;
			buildPhases = (
				ECB2A8442DF4AD400039917C /* Sources */,
				ECB2A8452DF4AD400039917C /* Frameworks */,
				ECB2A8462DF4AD400039917C /* Resources */,
			);
			buildRules = (
			);
			dependencies = (
				ECB2A84A2DF4AD400039917C /* PBXTargetDependency */,
			);
			fileSystemSynchronizedGroups = (
				ECB2A84B2DF4AD400039917C /* ScrumdingerTests */,
			);
			name = ScrumdingerTests;
			packageProductDependencies = (
			);
			productName = ScrumdingerTests;
			productReference = ECB2A8482DF4AD400039917C /* ScrumdingerTests.xctest */;
			productType = "com.apple.product-type.bundle.unit-test";
		};
		ECB2A8512DF4AD400039917C /* ScrumdingerUITests */ = {
			isa = PBXNativeTarget;
			buildConfigurationList = ECB2A8622DF4AD400039917C /* Build configuration list for PBXNativeTarget "ScrumdingerUITests" */;
			buildPhases = (
				ECB2A84E2DF4AD400039917C /* Sources */,
				ECB2A84F2DF4AD400039917C /* Frameworks */,
				ECB2A8502DF4AD400039917C /* Resources */,
			);
			buildRules = (
			);
			dependencies = (
				ECB2A8542DF4AD400039917C /* PBXTargetDependency */,
			);
			fileSystemSynchronizedGroups = (
				ECB2A8552DF4AD400039917C /* ScrumdingerUITests */,
			);
			name = ScrumdingerUITests;
			packageProductDependencies = (
			);
			productName = ScrumdingerUITests;
			productReference = ECB2A8522DF4AD400039917C /* ScrumdingerUITests.xctest */;
			productType = "com.apple.product-type.bundle.ui-testing";
		};
/* End PBXNativeTarget section */

/* Begin PBXProject section */
		ECB2A8332DF4AD3E0039917C /* Project object */ = {
			isa = PBXProject;
			attributes = {
				BuildIndependentTargetsInParallel = 1;
				LastSwiftUpdateCheck = 1630;
				LastUpgradeCheck = 1630;
				TargetAttributes = {
					ECB2A83A2DF4AD3E0039917C = {
						CreatedOnToolsVersion = 16.3;
					};
					ECB2A8472DF4AD400039917C = {
						CreatedOnToolsVersion = 16.3;
						TestTargetID = ECB2A83A2DF4AD3E0039917C;
					};
					ECB2A8512DF4AD400039917C = {
						CreatedOnToolsVersion = 16.3;
						TestTargetID = ECB2A83A2DF4AD3E0039917C;
					};
				};
			};
			buildConfigurationList = ECB2A8362DF4AD3E0039917C /* Build configuration list for PBXProject "Scrumdinger" */;
			developmentRegion = en;
			hasScannedForEncodings = 0;
			knownRegions = (
				en,
				Base,
			);
			mainGroup = ECB2A8322DF4AD3E0039917C;
			minimizedProjectReferenceProxies = 1;
			packageReferences = (
				ECB2A86F2DF58DDD0039917C /* XCLocalSwiftPackageReference "ThemeKit" */,
				ECB2A89E2DF613C70039917C /* XCLocalSwiftPackageReference "TimerKit" */,
				ECC1F5412DF75F1E00489D03 /* XCLocalSwiftPackageReference "TranscriptionKit" */,
			);
			preferredProjectObjectVersion = 77;
			productRefGroup = ECB2A83C2DF4AD3E0039917C /* Products */;
			projectDirPath = "";
			projectRoot = "";
			targets = (
				ECB2A83A2DF4AD3E0039917C /* Scrumdinger */,
				ECB2A8472DF4AD400039917C /* ScrumdingerTests */,
				ECB2A8512DF4AD400039917C /* ScrumdingerUITests */,
			);
		};
/* End PBXProject section */

/* Begin PBXResourcesBuildPhase section */
		ECB2A8392DF4AD3E0039917C /* Resources */ = {
			isa = PBXResourcesBuildPhase;
			buildActionMask = 2147483647;
			files = (
			);
			runOnlyForDeploymentPostprocessing = 0;
		};
		ECB2A8462DF4AD400039917C /* Resources */ = {
			isa = PBXResourcesBuildPhase;
			buildActionMask = 2147483647;
			files = (
			);
			runOnlyForDeploymentPostprocessing = 0;
		};
		ECB2A8502DF4AD400039917C /* Resources */ = {
			isa = PBXResourcesBuildPhase;
			buildActionMask = 2147483647;
			files = (
			);
			runOnlyForDeploymentPostprocessing = 0;
		};
/* End PBXResourcesBuildPhase section */

/* Begin PBXSourcesBuildPhase section */
		ECB2A8372DF4AD3E0039917C /* Sources */ = {
			isa = PBXSourcesBuildPhase;
			buildActionMask = 2147483647;
			files = (
			);
			runOnlyForDeploymentPostprocessing = 0;
		};
		ECB2A8442DF4AD400039917C /* Sources */ = {
			isa = PBXSourcesBuildPhase;
			buildActionMask = 2147483647;
			files = (
			);
			runOnlyForDeploymentPostprocessing = 0;
		};
		ECB2A84E2DF4AD400039917C /* Sources */ = {
			isa = PBXSourcesBuildPhase;
			buildActionMask = 2147483647;
			files = (
			);
			runOnlyForDeploymentPostprocessing = 0;
		};
/* End PBXSourcesBuildPhase section */

/* Begin PBXTargetDependency section */
		ECB2A84A2DF4AD400039917C /* PBXTargetDependency */ = {
			isa = PBXTargetDependency;
			target = ECB2A83A2DF4AD3E0039917C /* Scrumdinger */;
			targetProxy = ECB2A8492DF4AD400039917C /* PBXContainerItemProxy */;
		};
		ECB2A8542DF4AD400039917C /* PBXTargetDependency */ = {
			isa = PBXTargetDependency;
			target = ECB2A83A2DF4AD3E0039917C /* Scrumdinger */;
			targetProxy = ECB2A8532DF4AD400039917C /* PBXContainerItemProxy */;
		};
/* End PBXTargetDependency section */

/* Begin XCBuildConfiguration section */
		ECB2A85A2DF4AD400039917C /* Debug */ = {
			isa = XCBuildConfiguration;
			buildSettings = {
				ALWAYS_SEARCH_USER_PATHS = NO;
				ASSETCATALOG_COMPILER_GENERATE_SWIFT_ASSET_SYMBOL_EXTENSIONS = YES;
				CLANG_ANALYZER_NONNULL = YES;
				CLANG_ANALYZER_NUMBER_OBJECT_CONVERSION = YES_AGGRESSIVE;
				CLANG_CXX_LANGUAGE_STANDARD = "gnu++20";
				CLANG_ENABLE_MODULES = YES;
				CLANG_ENABLE_OBJC_ARC = YES;
				CLANG_ENABLE_OBJC_WEAK = YES;
				CLANG_WARN_BLOCK_CAPTURE_AUTORELEASING = YES;
				CLANG_WARN_BOOL_CONVERSION = YES;
				CLANG_WARN_COMMA = YES;
				CLANG_WARN_CONSTANT_CONVERSION = YES;
				CLANG_WARN_DEPRECATED_OBJC_IMPLEMENTATIONS = YES;
				CLANG_WARN_DIRECT_OBJC_ISA_USAGE = YES_ERROR;
				CLANG_WARN_DOCUMENTATION_COMMENTS = YES;
				CLANG_WARN_EMPTY_BODY = YES;
				CLANG_WARN_ENUM_CONVERSION = YES;
				CLANG_WARN_INFINITE_RECURSION = YES;
				CLANG_WARN_INT_CONVERSION = YES;
				CLANG_WARN_NON_LITERAL_NULL_CONVERSION = YES;
				CLANG_WARN_OBJC_IMPLICIT_RETAIN_SELF = YES;
				CLANG_WARN_OBJC_LITERAL_CONVERSION = YES;
				CLANG_WARN_OBJC_ROOT_CLASS = YES_ERROR;
				CLANG_WARN_QUOTED_INCLUDE_IN_FRAMEWORK_HEADER = YES;
				CLANG_WARN_RANGE_LOOP_ANALYSIS = YES;
				CLANG_WARN_STRICT_PROTOTYPES = YES;
				CLANG_WARN_SUSPICIOUS_MOVE = YES;
				CLANG_WARN_UNGUARDED_AVAILABILITY = YES_AGGRESSIVE;
				CLANG_WARN_UNREACHABLE_CODE = YES;
				CLANG_WARN__DUPLICATE_METHOD_MATCH = YES;
				COPY_PHASE_STRIP = NO;
				DEBUG_INFORMATION_FORMAT = dwarf;
				DEVELOPMENT_TEAM = AFQ3D2D5U7;
				ENABLE_STRICT_OBJC_MSGSEND = YES;
				ENABLE_TESTABILITY = YES;
				ENABLE_USER_SCRIPT_SANDBOXING = YES;
				GCC_C_LANGUAGE_STANDARD = gnu17;
				GCC_DYNAMIC_NO_PIC = NO;
				GCC_NO_COMMON_BLOCKS = YES;
				GCC_OPTIMIZATION_LEVEL = 0;
				GCC_PREPROCESSOR_DEFINITIONS = (
					"DEBUG=1",
					"$(inherited)",
				);
				GCC_WARN_64_TO_32_BIT_CONVERSION = YES;
				GCC_WARN_ABOUT_RETURN_TYPE = YES_ERROR;
				GCC_WARN_UNDECLARED_SELECTOR = YES;
				GCC_WARN_UNINITIALIZED_AUTOS = YES_AGGRESSIVE;
				GCC_WARN_UNUSED_FUNCTION = YES;
				GCC_WARN_UNUSED_VARIABLE = YES;
				IPHONEOS_DEPLOYMENT_TARGET = 18.4;
				LOCALIZATION_PREFERS_STRING_CATALOGS = YES;
				MTL_ENABLE_DEBUG_INFO = INCLUDE_SOURCE;
				MTL_FAST_MATH = YES;
				ONLY_ACTIVE_ARCH = YES;
				SDKROOT = iphoneos;
				SWIFT_ACTIVE_COMPILATION_CONDITIONS = "DEBUG $(inherited)";
				SWIFT_OPTIMIZATION_LEVEL = "-Onone";
			};
			name = Debug;
		};
		ECB2A85B2DF4AD400039917C /* Release */ = {
			isa = XCBuildConfiguration;
			buildSettings = {
				ALWAYS_SEARCH_USER_PATHS = NO;
				ASSETCATALOG_COMPILER_GENERATE_SWIFT_ASSET_SYMBOL_EXTENSIONS = YES;
				CLANG_ANALYZER_NONNULL = YES;
				CLANG_ANALYZER_NUMBER_OBJECT_CONVERSION = YES_AGGRESSIVE;
				CLANG_CXX_LANGUAGE_STANDARD = "gnu++20";
				CLANG_ENABLE_MODULES = YES;
				CLANG_ENABLE_OBJC_ARC = YES;
				CLANG_ENABLE_OBJC_WEAK = YES;
				CLANG_WARN_BLOCK_CAPTURE_AUTORELEASING = YES;
				CLANG_WARN_BOOL_CONVERSION = YES;
				CLANG_WARN_COMMA = YES;
				CLANG_WARN_CONSTANT_CONVERSION = YES;
				CLANG_WARN_DEPRECATED_OBJC_IMPLEMENTATIONS = YES;
				CLANG_WARN_DIRECT_OBJC_ISA_USAGE = YES_ERROR;
				CLANG_WARN_DOCUMENTATION_COMMENTS = YES;
				CLANG_WARN_EMPTY_BODY = YES;
				CLANG_WARN_ENUM_CONVERSION = YES;
				CLANG_WARN_INFINITE_RECURSION = YES;
				CLANG_WARN_INT_CONVERSION = YES;
				CLANG_WARN_NON_LITERAL_NULL_CONVERSION = YES;
				CLANG_WARN_OBJC_IMPLICIT_RETAIN_SELF = YES;
				CLANG_WARN_OBJC_LITERAL_CONVERSION = YES;
				CLANG_WARN_OBJC_ROOT_CLASS = YES_ERROR;
				CLANG_WARN_QUOTED_INCLUDE_IN_FRAMEWORK_HEADER = YES;
				CLANG_WARN_RANGE_LOOP_ANALYSIS = YES;
				CLANG_WARN_STRICT_PROTOTYPES = YES;
				CLANG_WARN_SUSPICIOUS_MOVE = YES;
				CLANG_WARN_UNGUARDED_AVAILABILITY = YES_AGGRESSIVE;
				CLANG_WARN_UNREACHABLE_CODE = YES;
				CLANG_WARN__DUPLICATE_METHOD_MATCH = YES;
				COPY_PHASE_STRIP = NO;
				DEBUG_INFORMATION_FORMAT = "dwarf-with-dsym";
				DEVELOPMENT_TEAM = AFQ3D2D5U7;
				ENABLE_NS_ASSERTIONS = NO;
				ENABLE_STRICT_OBJC_MSGSEND = YES;
				ENABLE_USER_SCRIPT_SANDBOXING = YES;
				GCC_C_LANGUAGE_STANDARD = gnu17;
				GCC_NO_COMMON_BLOCKS = YES;
				GCC_WARN_64_TO_32_BIT_CONVERSION = YES;
				GCC_WARN_ABOUT_RETURN_TYPE = YES_ERROR;
				GCC_WARN_UNDECLARED_SELECTOR = YES;
				GCC_WARN_UNINITIALIZED_AUTOS = YES_AGGRESSIVE;
				GCC_WARN_UNUSED_FUNCTION = YES;
				GCC_WARN_UNUSED_VARIABLE = YES;
				IPHONEOS_DEPLOYMENT_TARGET = 18.4;
				LOCALIZATION_PREFERS_STRING_CATALOGS = YES;
				MTL_ENABLE_DEBUG_INFO = NO;
				MTL_FAST_MATH = YES;
				SDKROOT = iphoneos;
				SWIFT_COMPILATION_MODE = wholemodule;
				VALIDATE_PRODUCT = YES;
			};
			name = Release;
		};
		ECB2A85D2DF4AD400039917C /* Debug */ = {
			isa = XCBuildConfiguration;
			buildSettings = {
				ASSETCATALOG_COMPILER_APPICON_NAME = AppIcon;
				ASSETCATALOG_COMPILER_GLOBAL_ACCENT_COLOR_NAME = AccentColor;
				CODE_SIGN_STYLE = Automatic;
				CURRENT_PROJECT_VERSION = 1;
				DEVELOPMENT_TEAM = AFQ3D2D5U7;
				ENABLE_PREVIEWS = YES;
				GENERATE_INFOPLIST_FILE = YES;
				INFOPLIST_KEY_NSMicrophoneUsageDescription = "Audio is recorded to transcribe the meeting. Audio recordings are discarded after transcription";
				INFOPLIST_KEY_NSSpeechRecognitionUsageDescription = "You can view a text transcription of your meeting in the app";
				INFOPLIST_KEY_UIApplicationSceneManifest_Generation = YES;
				INFOPLIST_KEY_UIApplicationSupportsIndirectInputEvents = YES;
				INFOPLIST_KEY_UILaunchScreen_Generation = YES;
				INFOPLIST_KEY_UISupportedInterfaceOrientations_iPad = "UIInterfaceOrientationPortrait UIInterfaceOrientationPortraitUpsideDown UIInterfaceOrientationLandscapeLeft UIInterfaceOrientationLandscapeRight";
				INFOPLIST_KEY_UISupportedInterfaceOrientations_iPhone = "UIInterfaceOrientationPortrait UIInterfaceOrientationLandscapeLeft UIInterfaceOrientationLandscapeRight";
				LD_RUNPATH_SEARCH_PATHS = (
					"$(inherited)",
					"@executable_path/Frameworks",
				);
				MARKETING_VERSION = 1.0;
				PRODUCT_BUNDLE_IDENTIFIER = com.mikesoftstudio.Scrumdinger;
				PRODUCT_NAME = "$(TARGET_NAME)";
				SWIFT_EMIT_LOC_STRINGS = YES;
				SWIFT_VERSION = 5.0;
				TARGETED_DEVICE_FAMILY = "1,2";
			};
			name = Debug;
		};
		ECB2A85E2DF4AD400039917C /* Release */ = {
			isa = XCBuildConfiguration;
			buildSettings = {
				ASSETCATALOG_COMPILER_APPICON_NAME = AppIcon;
				ASSETCATALOG_COMPILER_GLOBAL_ACCENT_COLOR_NAME = AccentColor;
				CODE_SIGN_STYLE = Automatic;
				CURRENT_PROJECT_VERSION = 1;
				DEVELOPMENT_TEAM = AFQ3D2D5U7;
				ENABLE_PREVIEWS = YES;
				GENERATE_INFOPLIST_FILE = YES;
				INFOPLIST_KEY_NSMicrophoneUsageDescription = "Audio is recorded to transcribe the meeting. Audio recordings are discarded after transcription";
				INFOPLIST_KEY_NSSpeechRecognitionUsageDescription = "You can view a text transcription of your meeting in the app";
				INFOPLIST_KEY_UIApplicationSceneManifest_Generation = YES;
				INFOPLIST_KEY_UIApplicationSupportsIndirectInputEvents = YES;
				INFOPLIST_KEY_UILaunchScreen_Generation = YES;
				INFOPLIST_KEY_UISupportedInterfaceOrientations_iPad = "UIInterfaceOrientationPortrait UIInterfaceOrientationPortraitUpsideDown UIInterfaceOrientationLandscapeLeft UIInterfaceOrientationLandscapeRight";
				INFOPLIST_KEY_UISupportedInterfaceOrientations_iPhone = "UIInterfaceOrientationPortrait UIInterfaceOrientationLandscapeLeft UIInterfaceOrientationLandscapeRight";
				LD_RUNPATH_SEARCH_PATHS = (
					"$(inherited)",
					"@executable_path/Frameworks",
				);
				MARKETING_VERSION = 1.0;
				PRODUCT_BUNDLE_IDENTIFIER = com.mikesoftstudio.Scrumdinger;
				PRODUCT_NAME = "$(TARGET_NAME)";
				SWIFT_EMIT_LOC_STRINGS = YES;
				SWIFT_VERSION = 5.0;
				TARGETED_DEVICE_FAMILY = "1,2";
			};
			name = Release;
		};
		ECB2A8602DF4AD400039917C /* Debug */ = {
			isa = XCBuildConfiguration;
			buildSettings = {
				BUNDLE_LOADER = "$(TEST_HOST)";
				CODE_SIGN_STYLE = Automatic;
				CURRENT_PROJECT_VERSION = 1;
				DEVELOPMENT_TEAM = AFQ3D2D5U7;
				GENERATE_INFOPLIST_FILE = YES;
				IPHONEOS_DEPLOYMENT_TARGET = 18.4;
				MARKETING_VERSION = 1.0;
				PRODUCT_BUNDLE_IDENTIFIER = com.mikesoftstudio.ScrumdingerTests;
				PRODUCT_NAME = "$(TARGET_NAME)";
				SWIFT_EMIT_LOC_STRINGS = NO;
				SWIFT_VERSION = 5.0;
				TARGETED_DEVICE_FAMILY = "1,2";
				TEST_HOST = "$(BUILT_PRODUCTS_DIR)/Scrumdinger.app/$(BUNDLE_EXECUTABLE_FOLDER_PATH)/Scrumdinger";
			};
			name = Debug;
		};
		ECB2A8612DF4AD400039917C /* Release */ = {
			isa = XCBuildConfiguration;
			buildSettings = {
				BUNDLE_LOADER = "$(TEST_HOST)";
				CODE_SIGN_STYLE = Automatic;
				CURRENT_PROJECT_VERSION = 1;
				DEVELOPMENT_TEAM = AFQ3D2D5U7;
				GENERATE_INFOPLIST_FILE = YES;
				IPHONEOS_DEPLOYMENT_TARGET = 18.4;
				MARKETING_VERSION = 1.0;
				PRODUCT_BUNDLE_IDENTIFIER = com.mikesoftstudio.ScrumdingerTests;
				PRODUCT_NAME = "$(TARGET_NAME)";
				SWIFT_EMIT_LOC_STRINGS = NO;
				SWIFT_VERSION = 5.0;
				TARGETED_DEVICE_FAMILY = "1,2";
				TEST_HOST = "$(BUILT_PRODUCTS_DIR)/Scrumdinger.app/$(BUNDLE_EXECUTABLE_FOLDER_PATH)/Scrumdinger";
			};
			name = Release;
		};
		ECB2A8632DF4AD400039917C /* Debug */ = {
			isa = XCBuildConfiguration;
			buildSettings = {
				CODE_SIGN_STYLE = Automatic;
				CURRENT_PROJECT_VERSION = 1;
				DEVELOPMENT_TEAM = AFQ3D2D5U7;
				GENERATE_INFOPLIST_FILE = YES;
				MARKETING_VERSION = 1.0;
				PRODUCT_BUNDLE_IDENTIFIER = com.mikesoftstudio.ScrumdingerUITests;
				PRODUCT_NAME = "$(TARGET_NAME)";
				SWIFT_EMIT_LOC_STRINGS = NO;
				SWIFT_VERSION = 5.0;
				TARGETED_DEVICE_FAMILY = "1,2";
				TEST_TARGET_NAME = Scrumdinger;
			};
			name = Debug;
		};
		ECB2A8642DF4AD400039917C /* Release */ = {
			isa = XCBuildConfiguration;
			buildSettings = {
				CODE_SIGN_STYLE = Automatic;
				CURRENT_PROJECT_VERSION = 1;
				DEVELOPMENT_TEAM = AFQ3D2D5U7;
				GENERATE_INFOPLIST_FILE = YES;
				MARKETING_VERSION = 1.0;
				PRODUCT_BUNDLE_IDENTIFIER = com.mikesoftstudio.ScrumdingerUITests;
				PRODUCT_NAME = "$(TARGET_NAME)";
				SWIFT_EMIT_LOC_STRINGS = NO;
				SWIFT_VERSION = 5.0;
				TARGETED_DEVICE_FAMILY = "1,2";
				TEST_TARGET_NAME = Scrumdinger;
			};
			name = Release;
		};
/* End XCBuildConfiguration section */

/* Begin XCConfigurationList section */
		ECB2A8362DF4AD3E0039917C /* Build configuration list for PBXProject "Scrumdinger" */ = {
			isa = XCConfigurationList;
			buildConfigurations = (
				ECB2A85A2DF4AD400039917C /* Debug */,
				ECB2A85B2DF4AD400039917C /* Release */,
			);
			defaultConfigurationIsVisible = 0;
			defaultConfigurationName = Release;
		};
		ECB2A85C2DF4AD400039917C /* Build configuration list for PBXNativeTarget "Scrumdinger" */ = {
			isa = XCConfigurationList;
			buildConfigurations = (
				ECB2A85D2DF4AD400039917C /* Debug */,
				ECB2A85E2DF4AD400039917C /* Release */,
			);
			defaultConfigurationIsVisible = 0;
			defaultConfigurationName = Release;
		};
		ECB2A85F2DF4AD400039917C /* Build configuration list for PBXNativeTarget "ScrumdingerTests" */ = {
			isa = XCConfigurationList;
			buildConfigurations = (
				ECB2A8602DF4AD400039917C /* Debug */,
				ECB2A8612DF4AD400039917C /* Release */,
			);
			defaultConfigurationIsVisible = 0;
			defaultConfigurationName = Release;
		};
		ECB2A8622DF4AD400039917C /* Build configuration list for PBXNativeTarget "ScrumdingerUITests" */ = {
			isa = XCConfigurationList;
			buildConfigurations = (
				ECB2A8632DF4AD400039917C /* Debug */,
				ECB2A8642DF4AD400039917C /* Release */,
			);
			defaultConfigurationIsVisible = 0;
			defaultConfigurationName = Release;
		};
/* End XCConfigurationList section */

/* Begin XCLocalSwiftPackageReference section */
		ECB2A86F2DF58DDD0039917C /* XCLocalSwiftPackageReference "ThemeKit" */ = {
			isa = XCLocalSwiftPackageReference;
			relativePath = ThemeKit;
		};
		ECB2A89E2DF613C70039917C /* XCLocalSwiftPackageReference "TimerKit" */ = {
			isa = XCLocalSwiftPackageReference;
			relativePath = TimerKit;
		};
		ECC1F5412DF75F1E00489D03 /* XCLocalSwiftPackageReference "TranscriptionKit" */ = {
			isa = XCLocalSwiftPackageReference;
			relativePath = TranscriptionKit;
		};
/* End XCLocalSwiftPackageReference section */

/* Begin XCSwiftPackageProductDependency section */
		ECB2A8702DF58DDD0039917C /* ThemeKit */ = {
			isa = XCSwiftPackageProductDependency;
			productName = ThemeKit;
		};
		ECB2A89F2DF613C70039917C /* TimerKit */ = {
			isa = XCSwiftPackageProductDependency;
			productName = TimerKit;
		};
		ECC1F5422DF75F1E00489D03 /* TranscriptionKit */ = {
			isa = XCSwiftPackageProductDependency;
			productName = TranscriptionKit;
		};
/* End XCSwiftPackageProductDependency section */
	};
	rootObject = ECB2A8332DF4AD3E0039917C /* Project object */;
}
